
Microsoft Visual Studio Solution File, Format Version 12.00
# Visual Studio 15
VisualStudioVersion = 15.0.28307.136
MinimumVisualStudioVersion = 10.0.40219.1
Project("{FAE04EC0-301F-11D3-BF4B-00C04F79EFBC}") = "FileCopier", "FileCopier\FileCopier.csproj", "{226225CC-BFC8-464F-BDE5-6D3E79CA7595}"
EndProject
Global
	GlobalSection(SolutionConfigurationPlatforms) = preSolution
		Debug|Any CPU = Debug|Any CPU
		Release|Any CPU = Release|Any CPU
	EndGlobalSection
	GlobalSection(ProjectConfigurationPlatforms) = postSolution
		{226225CC-BFC8-464F-BDE5-6D3E79CA7595}.Debug|Any CPU.ActiveCfg = Debug|Any CPU
		{226225CC-BFC8-464F-BDE5-6D3E79CA7595}.Debug|Any CPU.Build.0 = Debug|Any CPU
		{226225CC-BFC8-464F-BDE5-6D3E79CA7595}.Release|Any CPU.ActiveCfg = Release|Any CPU
		{226225CC-BFC8-464F-BDE5-6D3E79CA7595}.Release|Any CPU.Build.0 = Release|Any CPU
	EndGlobalSection
	GlobalSection(SolutionProperties) = preSolution
		HideSolutionNode = FALSE
	EndGlobalSection
	GlobalSection(ExtensibilityGlobals) = postSolution
		SolutionGuid = {3F32F64B-1346-423A-BFFE-0110A818D6E7}
	EndGlobalSection
EndGlobal
